
Microsoft Visual Studio Solution File, Format Version 12.00
# Visual Studio 2013
VisualStudioVersion = 12.0.31101.0
MinimumVisualStudioVersion = 10.0.40219.1
Project("{FAE04EC0-301F-11D3-BF4B-00C04F79EFBC}") = "DirectoryPackage", "DirectoryPackage\DirectoryPackage.csproj", "{807E2544-A29F-4435-A706-26FD473BFD10}"
EndProject
Project("{FAE04EC0-301F-11D3-BF4B-00C04F79EFBC}") = "DirectoryPackageTests", "DirectoryPackageTests\DirectoryPackageTests.csproj", "{F2DC2304-BD3E-4A8C-A819-E7E6CD0FCE3D}"
EndProject
Global
	GlobalSection(SolutionConfigurationPlatforms) = preSolution
		Debug|Any CPU = Debug|Any CPU
		Release|Any CPU = Release|Any CPU
	EndGlobalSection
	GlobalSection(ProjectConfigurationPlatforms) = postSolution
		{807E2544-A29F-4435-A706-26FD473BFD10}.Debug|Any CPU.ActiveCfg = Debug|Any CPU
		{807E2544-A29F-4435-A706-26FD473BFD10}.Debug|Any CPU.Build.0 = Debug|Any CPU
		{807E2544-A29F-4435-A706-26FD473BFD10}.Release|Any CPU.ActiveCfg = Release|Any CPU
		{807E2544-A29F-4435-A706-26FD473BFD10}.Release|Any CPU.Build.0 = Release|Any CPU
		{F2DC2304-BD3E-4A8C-A819-E7E6CD0FCE3D}.Debug|Any CPU.ActiveCfg = Debug|Any CPU
		{F2DC2304-BD3E-4A8C-A819-E7E6CD0FCE3D}.Debug|Any CPU.Build.0 = Debug|Any CPU
		{F2DC2304-BD3E-4A8C-A819-E7E6CD0FCE3D}.Release|Any CPU.ActiveCfg = Release|Any CPU
		{F2DC2304-BD3E-4A8C-A819-E7E6CD0FCE3D}.Release|Any CPU.Build.0 = Release|Any CPU
	EndGlobalSection
	GlobalSection(SolutionProperties) = preSolution
		HideSolutionNode = FALSE
	EndGlobalSection
EndGlobal
